// !$*UTF8*$!
{
	archiveVersion = 1;
	classes = {
	};
	objectVersion = 56;
	objects = {

/* Begin PBXBuildFile section */
		E114B6DC28FEE5EE00D7B517 /* FlashCardMakerApp.swift in Sources */ = {isa = PBXBuildFile; fileRef = E114B6DB28FEE5EE00D7B517 /* FlashCardMakerApp.swift */; };
		E114B6E028FEE5EF00D7B517 /* Assets.xcassets in Resources */ = {isa = PBXBuildFile; fileRef = E114B6DF28FEE5EF00D7B517 /* Assets.xcassets */; };
		E114B6E328FEE5EF00D7B517 /* Preview Assets.xcassets in Resources */ = {isa = PBXBuildFile; fileRef = E114B6E228FEE5EF00D7B517 /* Preview Assets.xcassets */; };
		E114B6F228FEE61C00D7B517 /* PlayView.swift in Sources */ = {isa = PBXBuildFile; fileRef = E114B6EA28FEE61C00D7B517 /* PlayView.swift */; };
		E114B6F328FEE61C00D7B517 /* HomeView.swift in Sources */ = {isa = PBXBuildFile; fileRef = E114B6EB28FEE61C00D7B517 /* HomeView.swift */; };
		E114B6F428FEE61C00D7B517 /* LibraryView.swift in Sources */ = {isa = PBXBuildFile; fileRef = E114B6EC28FEE61C00D7B517 /* LibraryView.swift */; };
		E114B6F728FEE61C00D7B517 /* DataSetView.swift in Sources */ = {isa = PBXBuildFile; fileRef = E114B6F028FEE61C00D7B517 /* DataSetView.swift */; };
		E114B6F828FEE61C00D7B517 /* ContentView.swift in Sources */ = {isa = PBXBuildFile; fileRef = E114B6F128FEE61C00D7B517 /* ContentView.swift */; };
		E114B6FC28FEEC3000D7B517 /* SettingView.swift in Sources */ = {isa = PBXBuildFile; fileRef = E114B6FB28FEEC3000D7B517 /* SettingView.swift */; };
		E114B6FE28FEF41C00D7B517 /* PhotoLibraryMoviePickerView.swift in Sources */ = {isa = PBXBuildFile; fileRef = E114B6FD28FEF41C00D7B517 /* PhotoLibraryMoviePickerView.swift */; };
		E114B70328FEF5CB00D7B517 /* MoviePlayerView.swift in Sources */ = {isa = PBXBuildFile; fileRef = E114B70228FEF5CB00D7B517 /* MoviePlayerView.swift */; };
		E114B70528FEF5E200D7B517 /* TestView.swift in Sources */ = {isa = PBXBuildFile; fileRef = E114B70428FEF5E200D7B517 /* TestView.swift */; };
		E114B7072902D2DB00D7B517 /* RegistrationView.swift in Sources */ = {isa = PBXBuildFile; fileRef = E114B7062902D2DB00D7B517 /* RegistrationView.swift */; };
/* End PBXBuildFile section */

/* Begin PBXFileReference section */
		E114B6D828FEE5EE00D7B517 /* FlashCardMaker.app */ = {isa = PBXFileReference; explicitFileType = wrapper.application; includeInIndex = 0; path = FlashCardMaker.app; sourceTree = BUILT_PRODUCTS_DIR; };
		E114B6DB28FEE5EE00D7B517 /* FlashCardMakerApp.swift */ = {isa = PBXFileReference; lastKnownFileType = sourcecode.swift; path = FlashCardMakerApp.swift; sourceTree = "<group>"; };
		E114B6DF28FEE5EF00D7B517 /* Assets.xcassets */ = {isa = PBXFileReference; lastKnownFileType = folder.assetcatalog; path = Assets.xcassets; sourceTree = "<group>"; };
		E114B6E228FEE5EF00D7B517 /* Preview Assets.xcassets */ = {isa = PBXFileReference; lastKnownFileType = folder.assetcatalog; path = "Preview Assets.xcassets"; sourceTree = "<group>"; };
		E114B6EA28FEE61C00D7B517 /* PlayView.swift */ = {isa = PBXFileReference; fileEncoding = 4; lastKnownFileType = sourcecode.swift; path = PlayView.swift; sourceTree = "<group>"; };
		E114B6EB28FEE61C00D7B517 /* HomeView.swift */ = {isa = PBXFileReference; fileEncoding = 4; lastKnownFileType = sourcecode.swift; path = HomeView.swift; sourceTree = "<group>"; };
		E114B6EC28FEE61C00D7B517 /* LibraryView.swift */ = {isa = PBXFileReference; fileEncoding = 4; lastKnownFileType = sourcecode.swift; path = LibraryView.swift; sourceTree = "<group>"; };
		E114B6F028FEE61C00D7B517 /* DataSetView.swift */ = {isa = PBXFileReference; fileEncoding = 4; lastKnownFileType = sourcecode.swift; path = DataSetView.swift; sourceTree = "<group>"; };
		E114B6F128FEE61C00D7B517 /* ContentView.swift */ = {isa = PBXFileReference; fileEncoding = 4; lastKnownFileType = sourcecode.swift; path = ContentView.swift; sourceTree = "<group>"; };
		E114B6FB28FEEC3000D7B517 /* SettingView.swift */ = {isa = PBXFileReference; lastKnownFileType = sourcecode.swift; path = SettingView.swift; sourceTree = "<group>"; };
		E114B6FD28FEF41C00D7B517 /* PhotoLibraryMoviePickerView.swift */ = {isa = PBXFileReference; lastKnownFileType = sourcecode.swift; path = PhotoLibraryMoviePickerView.swift; sourceTree = "<group>"; };
		E114B70228FEF5CB00D7B517 /* MoviePlayerView.swift */ = {isa = PBXFileReference; lastKnownFileType = sourcecode.swift; path = MoviePlayerView.swift; sourceTree = "<group>"; };
		E114B70428FEF5E200D7B517 /* TestView.swift */ = {isa = PBXFileReference; lastKnownFileType = sourcecode.swift; path = TestView.swift; sourceTree = "<group>"; };
		E114B7062902D2DB00D7B517 /* RegistrationView.swift */ = {isa = PBXFileReference; fileEncoding = 4; lastKnownFileType = sourcecode.swift; path = RegistrationView.swift; sourceTree = "<group>"; };
/* End PBXFileReference section */

/* Begin PBXFrameworksBuildPhase section */
		E114B6D528FEE5EE00D7B517 /* Frameworks */ = {
			isa = PBXFrameworksBuildPhase;
			buildActionMask = 2147483647;
			files = (
			);
			runOnlyForDeploymentPostprocessing = 0;
		};
/* End PBXFrameworksBuildPhase section */

/* Begin PBXGroup section */
		E114B6CF28FEE5EE00D7B517 = {
			isa = PBXGroup;
			children = (
				E114B6DA28FEE5EE00D7B517 /* FlashCardMaker */,
				E114B6D928FEE5EE00D7B517 /* Products */,
			);
			sourceTree = "<group>";
		};
		E114B6D928FEE5EE00D7B517 /* Products */ = {
			isa = PBXGroup;
			children = (
				E114B6D828FEE5EE00D7B517 /* FlashCardMaker.app */,
			);
			name = Products;
			sourceTree = "<group>";
		};
		E114B6DA28FEE5EE00D7B517 /* FlashCardMaker */ = {
			isa = PBXGroup;
			children = (
				E114B6DB28FEE5EE00D7B517 /* FlashCardMakerApp.swift */,
				E114B6DF28FEE5EF00D7B517 /* Assets.xcassets */,
				E114B6E928FEE61C00D7B517 /* Views */,
				E114B6E128FEE5EF00D7B517 /* Preview Content */,
			);
			path = FlashCardMaker;
			sourceTree = "<group>";
		};
		E114B6E128FEE5EF00D7B517 /* Preview Content */ = {
			isa = PBXGroup;
			children = (
				E114B6E228FEE5EF00D7B517 /* Preview Assets.xcassets */,
			);
			path = "Preview Content";
			sourceTree = "<group>";
		};
		E114B6E928FEE61C00D7B517 /* Views */ = {
			isa = PBXGroup;
			children = (
				E114B6F128FEE61C00D7B517 /* ContentView.swift */,
				E114B6EB28FEE61C00D7B517 /* HomeView.swift */,
				E114B6EA28FEE61C00D7B517 /* PlayView.swift */,
				E114B6EC28FEE61C00D7B517 /* LibraryView.swift */,
				E114B6FB28FEEC3000D7B517 /* SettingView.swift */,
				E114B6FD28FEF41C00D7B517 /* PhotoLibraryMoviePickerView.swift */,
				E114B7062902D2DB00D7B517 /* RegistrationView.swift */,
				E114B6F028FEE61C00D7B517 /* DataSetView.swift */,
				E114B70228FEF5CB00D7B517 /* MoviePlayerView.swift */,
				E114B70428FEF5E200D7B517 /* TestView.swift */,
			);
			path = Views;
			sourceTree = "<group>";
		};
/* End PBXGroup section */

/* Begin PBXNativeTarget section */
		E114B6D728FEE5EE00D7B517 /* FlashCardMaker */ = {
			isa = PBXNativeTarget;
			buildConfigurationList = E114B6E628FEE5EF00D7B517 /* Build configuration list for PBXNativeTarget "FlashCardMaker" */;
			buildPhases = (
				E114B6D428FEE5EE00D7B517 /* Sources */,
				E114B6D528FEE5EE00D7B517 /* Frameworks */,
				E114B6D628FEE5EE00D7B517 /* Resources */,
			);
			buildRules = (
			);
			dependencies = (
			);
			name = FlashCardMaker;
			productName = FlashCardMaker;
			productReference = E114B6D828FEE5EE00D7B517 /* FlashCardMaker.app */;
			productType = "com.apple.product-type.application";
		};
/* End PBXNativeTarget section */

/* Begin PBXProject section */
		E114B6D028FEE5EE00D7B517 /* Project object */ = {
			isa = PBXProject;
			attributes = {
				BuildIndependentTargetsInParallel = 1;
				LastSwiftUpdateCheck = 1400;
				LastUpgradeCheck = 1400;
				TargetAttributes = {
					E114B6D728FEE5EE00D7B517 = {
						CreatedOnToolsVersion = 14.0.1;
					};
				};
			};
			buildConfigurationList = E114B6D328FEE5EE00D7B517 /* Build configuration list for PBXProject "FlashCardMaker" */;
			compatibilityVersion = "Xcode 14.0";
			developmentRegion = en;
			hasScannedForEncodings = 0;
			knownRegions = (
				en,
				Base,
			);
			mainGroup = E114B6CF28FEE5EE00D7B517;
			productRefGroup = E114B6D928FEE5EE00D7B517 /* Products */;
			projectDirPath = "";
			projectRoot = "";
			targets = (
				E114B6D728FEE5EE00D7B517 /* FlashCardMaker */,
			);
		};
/* End PBXProject section */

/* Begin PBXResourcesBuildPhase section */
		E114B6D628FEE5EE00D7B517 /* Resources */ = {
			isa = PBXResourcesBuildPhase;
			buildActionMask = 2147483647;
			files = (
				E114B6E328FEE5EF00D7B517 /* Preview Assets.xcassets in Resources */,
				E114B6E028FEE5EF00D7B517 /* Assets.xcassets in Resources */,
			);
			runOnlyForDeploymentPostprocessing = 0;
		};
/* End PBXResourcesBuildPhase section */

/* Begin PBXSourcesBuildPhase section */
		E114B6D428FEE5EE00D7B517 /* Sources */ = {
			isa = PBXSourcesBuildPhase;
			buildActionMask = 2147483647;
			files = (
				E114B7072902D2DB00D7B517 /* RegistrationView.swift in Sources */,
				E114B6F228FEE61C00D7B517 /* PlayView.swift in Sources */,
				E114B6F328FEE61C00D7B517 /* HomeView.swift in Sources */,
				E114B6F828FEE61C00D7B517 /* ContentView.swift in Sources */,
				E114B6FC28FEEC3000D7B517 /* SettingView.swift in Sources */,
				E114B70328FEF5CB00D7B517 /* MoviePlayerView.swift in Sources */,
				E114B6FE28FEF41C00D7B517 /* PhotoLibraryMoviePickerView.swift in Sources */,
				E114B70528FEF5E200D7B517 /* TestView.swift in Sources */,
				E114B6F728FEE61C00D7B517 /* DataSetView.swift in Sources */,
				E114B6F428FEE61C00D7B517 /* LibraryView.swift in Sources */,
				E114B6DC28FEE5EE00D7B517 /* FlashCardMakerApp.swift in Sources */,
			);
			runOnlyForDeploymentPostprocessing = 0;
		};
/* End PBXSourcesBuildPhase section */

/* Begin XCBuildConfiguration section */
		E114B6E428FEE5EF00D7B517 /* Debug */ = {
			isa = XCBuildConfiguration;
			buildSettings = {
				ALWAYS_SEARCH_USER_PATHS = NO;
				CLANG_ANALYZER_NONNULL = YES;
				CLANG_ANALYZER_NUMBER_OBJECT_CONVERSION = YES_AGGRESSIVE;
				CLANG_CXX_LANGUAGE_STANDARD = "gnu++20";
				CLANG_ENABLE_MODULES = YES;
				CLANG_ENABLE_OBJC_ARC = YES;
				CLANG_ENABLE_OBJC_WEAK = YES;
				CLANG_WARN_BLOCK_CAPTURE_AUTORELEASING = YES;
				CLANG_WARN_BOOL_CONVERSION = YES;
				CLANG_WARN_COMMA = YES;
				CLANG_WARN_CONSTANT_CONVERSION = YES;
				CLANG_WARN_DEPRECATED_OBJC_IMPLEMENTATIONS = YES;
				CLANG_WARN_DIRECT_OBJC_ISA_USAGE = YES_ERROR;
				CLANG_WARN_DOCUMENTATION_COMMENTS = YES;
				CLANG_WARN_EMPTY_BODY = YES;
				CLANG_WARN_ENUM_CONVERSION = YES;
				CLANG_WARN_INFINITE_RECURSION = YES;
				CLANG_WARN_INT_CONVERSION = YES;
				CLANG_WARN_NON_LITERAL_NULL_CONVERSION = YES;
				CLANG_WARN_OBJC_IMPLICIT_RETAIN_SELF = YES;
				CLANG_WARN_OBJC_LITERAL_CONVERSION = YES;
				CLANG_WARN_OBJC_ROOT_CLASS = YES_ERROR;
				CLANG_WARN_QUOTED_INCLUDE_IN_FRAMEWORK_HEADER = YES;
				CLANG_WARN_RANGE_LOOP_ANALYSIS = YES;
				CLANG_WARN_STRICT_PROTOTYPES = YES;
				CLANG_WARN_SUSPICIOUS_MOVE = YES;
				CLANG_WARN_UNGUARDED_AVAILABILITY = YES_AGGRESSIVE;
				CLANG_WARN_UNREACHABLE_CODE = YES;
				CLANG_WARN__DUPLICATE_METHOD_MATCH = YES;
				COPY_PHASE_STRIP = NO;
				DEBUG_INFORMATION_FORMAT = dwarf;
				ENABLE_STRICT_OBJC_MSGSEND = YES;
				ENABLE_TESTABILITY = YES;
				GCC_C_LANGUAGE_STANDARD = gnu11;
				GCC_DYNAMIC_NO_PIC = NO;
				GCC_NO_COMMON_BLOCKS = YES;
				GCC_OPTIMIZATION_LEVEL = 0;
				GCC_PREPROCESSOR_DEFINITIONS = (
					"DEBUG=1",
					"$(inherited)",
				);
				GCC_WARN_64_TO_32_BIT_CONVERSION = YES;
				GCC_WARN_ABOUT_RETURN_TYPE = YES_ERROR;
				GCC_WARN_UNDECLARED_SELECTOR = YES;
				GCC_WARN_UNINITIALIZED_AUTOS = YES_AGGRESSIVE;
				GCC_WARN_UNUSED_FUNCTION = YES;
				GCC_WARN_UNUSED_VARIABLE = YES;
				IPHONEOS_DEPLOYMENT_TARGET = 16.0;
				MTL_ENABLE_DEBUG_INFO = INCLUDE_SOURCE;
				MTL_FAST_MATH = YES;
				ONLY_ACTIVE_ARCH = YES;
				SDKROOT = iphoneos;
				SWIFT_ACTIVE_COMPILATION_CONDITIONS = DEBUG;
				SWIFT_OPTIMIZATION_LEVEL = "-Onone";
			};
			name = Debug;
		};
		E114B6E528FEE5EF00D7B517 /* Release */ = {
			isa = XCBuildConfiguration;
			buildSettings = {
				ALWAYS_SEARCH_USER_PATHS = NO;
				CLANG_ANALYZER_NONNULL = YES;
				CLANG_ANALYZER_NUMBER_OBJECT_CONVERSION = YES_AGGRESSIVE;
				CLANG_CXX_LANGUAGE_STANDARD = "gnu++20";
				CLANG_ENABLE_MODULES = YES;
				CLANG_ENABLE_OBJC_ARC = YES;
				CLANG_ENABLE_OBJC_WEAK = YES;
				CLANG_WARN_BLOCK_CAPTURE_AUTORELEASING = YES;
				CLANG_WARN_BOOL_CONVERSION = YES;
				CLANG_WARN_COMMA = YES;
				CLANG_WARN_CONSTANT_CONVERSION = YES;
				CLANG_WARN_DEPRECATED_OBJC_IMPLEMENTATIONS = YES;
				CLANG_WARN_DIRECT_OBJC_ISA_USAGE = YES_ERROR;
				CLANG_WARN_DOCUMENTATION_COMMENTS = YES;
				CLANG_WARN_EMPTY_BODY = YES;
				CLANG_WARN_ENUM_CONVERSION = YES;
				CLANG_WARN_INFINITE_RECURSION = YES;
				CLANG_WARN_INT_CONVERSION = YES;
				CLANG_WARN_NON_LITERAL_NULL_CONVERSION = YES;
				CLANG_WARN_OBJC_IMPLICIT_RETAIN_SELF = YES;
				CLANG_WARN_OBJC_LITERAL_CONVERSION = YES;
				CLANG_WARN_OBJC_ROOT_CLASS = YES_ERROR;
				CLANG_WARN_QUOTED_INCLUDE_IN_FRAMEWORK_HEADER = YES;
				CLANG_WARN_RANGE_LOOP_ANALYSIS = YES;
				CLANG_WARN_STRICT_PROTOTYPES = YES;
				CLANG_WARN_SUSPICIOUS_MOVE = YES;
				CLANG_WARN_UNGUARDED_AVAILABILITY = YES_AGGRESSIVE;
				CLANG_WARN_UNREACHABLE_CODE = YES;
				CLANG_WARN__DUPLICATE_METHOD_MATCH = YES;
				COPY_PHASE_STRIP = NO;
				DEBUG_INFORMATION_FORMAT = "dwarf-with-dsym";
				ENABLE_NS_ASSERTIONS = NO;
				ENABLE_STRICT_OBJC_MSGSEND = YES;
				GCC_C_LANGUAGE_STANDARD = gnu11;
				GCC_NO_COMMON_BLOCKS = YES;
				GCC_WARN_64_TO_32_BIT_CONVERSION = YES;
				GCC_WARN_ABOUT_RETURN_TYPE = YES_ERROR;
				GCC_WARN_UNDECLARED_SELECTOR = YES;
				GCC_WARN_UNINITIALIZED_AUTOS = YES_AGGRESSIVE;
				GCC_WARN_UNUSED_FUNCTION = YES;
				GCC_WARN_UNUSED_VARIABLE = YES;
				IPHONEOS_DEPLOYMENT_TARGET = 16.0;
				MTL_ENABLE_DEBUG_INFO = NO;
				MTL_FAST_MATH = YES;
				SDKROOT = iphoneos;
				SWIFT_COMPILATION_MODE = wholemodule;
				SWIFT_OPTIMIZATION_LEVEL = "-O";
				VALIDATE_PRODUCT = YES;
			};
			name = Release;
		};
		E114B6E728FEE5EF00D7B517 /* Debug */ = {
			isa = XCBuildConfiguration;
			buildSettings = {
				ASSETCATALOG_COMPILER_APPICON_NAME = AppIcon;
				ASSETCATALOG_COMPILER_GLOBAL_ACCENT_COLOR_NAME = AccentColor;
				CODE_SIGN_STYLE = Automatic;
				CURRENT_PROJECT_VERSION = 1;
				DEVELOPMENT_ASSET_PATHS = "\"FlashCardMaker/Preview Content\"";
				DEVELOPMENT_TEAM = M2UKNV8CT8;
				ENABLE_PREVIEWS = YES;
				GENERATE_INFOPLIST_FILE = YES;
				INFOPLIST_KEY_UIApplicationSceneManifest_Generation = YES;
				INFOPLIST_KEY_UIApplicationSupportsIndirectInputEvents = YES;
				INFOPLIST_KEY_UILaunchScreen_Generation = YES;
				INFOPLIST_KEY_UISupportedInterfaceOrientations_iPad = "UIInterfaceOrientationPortrait UIInterfaceOrientationPortraitUpsideDown UIInterfaceOrientationLandscapeLeft UIInterfaceOrientationLandscapeRight";
				INFOPLIST_KEY_UISupportedInterfaceOrientations_iPhone = "UIInterfaceOrientationPortrait UIInterfaceOrientationLandscapeLeft UIInterfaceOrientationLandscapeRight";
				INFOPLIST_KEY_UIUserInterfaceStyle = Dark;
				LD_RUNPATH_SEARCH_PATHS = (
					"$(inherited)",
					"@executable_path/Frameworks",
				);
				MARKETING_VERSION = 1.0;
				PRODUCT_BUNDLE_IDENTIFIER = com.munemune0509.FlashCardMaker;
				PRODUCT_NAME = "$(TARGET_NAME)";
				SWIFT_EMIT_LOC_STRINGS = YES;
				SWIFT_VERSION = 5.0;
				TARGETED_DEVICE_FAMILY = "1,2";
			};
			name = Debug;
		};
		E114B6E828FEE5EF00D7B517 /* Release */ = {
			isa = XCBuildConfiguration;
			buildSettings = {
				ASSETCATALOG_COMPILER_APPICON_NAME = AppIcon;
				ASSETCATALOG_COMPILER_GLOBAL_ACCENT_COLOR_NAME = AccentColor;
				CODE_SIGN_STYLE = Automatic;
				CURRENT_PROJECT_VERSION = 1;
				DEVELOPMENT_ASSET_PATHS = "\"FlashCardMaker/Preview Content\"";
				DEVELOPMENT_TEAM = M2UKNV8CT8;
				ENABLE_PREVIEWS = YES;
				GENERATE_INFOPLIST_FILE = YES;
				INFOPLIST_KEY_UIApplicationSceneManifest_Generation = YES;
				INFOPLIST_KEY_UIApplicationSupportsIndirectInputEvents = YES;
				INFOPLIST_KEY_UILaunchScreen_Generation = YES;
				INFOPLIST_KEY_UISupportedInterfaceOrientations_iPad = "UIInterfaceOrientationPortrait UIInterfaceOrientationPortraitUpsideDown UIInterfaceOrientationLandscapeLeft UIInterfaceOrientationLandscapeRight";
				INFOPLIST_KEY_UISupportedInterfaceOrientations_iPhone = "UIInterfaceOrientationPortrait UIInterfaceOrientationLandscapeLeft UIInterfaceOrientationLandscapeRight";
				INFOPLIST_KEY_UIUserInterfaceStyle = Dark;
				LD_RUNPATH_SEARCH_PATHS = (
					"$(inherited)",
					"@executable_path/Frameworks",
				);
				MARKETING_VERSION = 1.0;
				PRODUCT_BUNDLE_IDENTIFIER = com.munemune0509.FlashCardMaker;
				PRODUCT_NAME = "$(TARGET_NAME)";
				SWIFT_EMIT_LOC_STRINGS = YES;
				SWIFT_VERSION = 5.0;
				TARGETED_DEVICE_FAMILY = "1,2";
			};
			name = Release;
		};
/* End XCBuildConfiguration section */

/* Begin XCConfigurationList section */
		E114B6D328FEE5EE00D7B517 /* Build configuration list for PBXProject "FlashCardMaker" */ = {
			isa = XCConfigurationList;
			buildConfigurations = (
				E114B6E428FEE5EF00D7B517 /* Debug */,
				E114B6E528FEE5EF00D7B517 /* Release */,
			);
			defaultConfigurationIsVisible = 0;
			defaultConfigurationName = Release;
		};
		E114B6E628FEE5EF00D7B517 /* Build configuration list for PBXNativeTarget "FlashCardMaker" */ = {
			isa = XCConfigurationList;
			buildConfigurations = (
				E114B6E728FEE5EF00D7B517 /* Debug */,
				E114B6E828FEE5EF00D7B517 /* Release */,
			);
			defaultConfigurationIsVisible = 0;
			defaultConfigurationName = Release;
		};
/* End XCConfigurationList section */
	};
	rootObject = E114B6D028FEE5EE00D7B517 /* Project object */;
}
